
Microsoft Visual Studio Solution File, Format Version 12.00
Project("{FAE04EC0-301F-11D3-BF4B-00C04F79EFBC}") = "DOLogParser", "DOLogParser\DOLogParser.csproj", "{F1F2DA55-1C63-47E5-8F44-59C60CA39442}"
EndProject
Global
	GlobalSection(SolutionConfigurationPlatforms) = preSolution
		Debug|Any CPU = Debug|Any CPU
		Release|Any CPU = Release|Any CPU
	EndGlobalSection
	GlobalSection(ProjectConfigurationPlatforms) = postSolution
		{F1F2DA55-1C63-47E5-8F44-59C60CA39442}.Debug|Any CPU.ActiveCfg = Debug|Any CPU
		{F1F2DA55-1C63-47E5-8F44-59C60CA39442}.Debug|Any CPU.Build.0 = Debug|Any CPU
		{F1F2DA55-1C63-47E5-8F44-59C60CA39442}.Release|Any CPU.ActiveCfg = Release|Any CPU
		{F1F2DA55-1C63-47E5-8F44-59C60CA39442}.Release|Any CPU.Build.0 = Release|Any CPU
	EndGlobalSection
EndGlobal
